github.com/my-ermes-labs/api-go v0.2.16 h1:rMWga/+sBDM+Enlw5NIqMw4T+ZMzjBQSbtjgQGlNwG8=
github.com/my-ermes-labs/api-go v0.2.16/go.mod h1:+He+DmGJk51/wbdMzv8QYd/RIDEEXeTupc2Rnhzkroc=
github.com/my-ermes-labs/log v1.3.1 h1:GDna2/l4Zskot/c1Q6LgefBAXQazkKU5vchm1RdcyXo=
github.com/my-ermes-labs/log v1.3.1/go.mod h1:9WvSr0abccmqV1FlJhFdwRcMn0btfTv7/7mhESkDw6Y=
