github.com/cespare/xxhash/v2 v2.2.0 h1:DC2CZ1Ep5Y4k3ZQ899DldepgrayRUGE6BBZ/cd9Cj44=
github.com/cespare/xxhash/v2 v2.2.0/go.mod h1:VGX0DQ3Q6kWi7AoAeZDth3/j3BFtOZR5XLFGgcrjCOs=
github.com/dgryski/go-rendezvous v0.0.0-20200823014737-9f7001d12a5f h1:lO4WD4F/rVNCu3HqELle0jiPLLBs70cWOduZpkS1E78=
github.com/dgryski/go-rendezvous v0.0.0-20200823014737-9f7001d12a5f/go.mod h1:cuUVRXasLTGF7a8hSLbxyZXjz+1KgoB3wDUb6vlszIc=
github.com/ermes-labs/api-go v0.0.2 h1:7B9fUaofvG+9+oRG4VjIlT7prsszWZwzyIms1dCKHfo=
github.com/ermes-labs/api-go v0.0.2/go.mod h1:xxZSUJdaeyIu4uCCvTmQzRYRAxZaW+Dy8Uo4oDRrngs=
github.com/ermes-labs/storage-redis/packages/go v0.0.1 h1:CT4SE1ezZnbg8E96x3xG6TMqMfPgwkvW21BfIGvnKA8=
github.com/ermes-labs/storage-redis/packages/go v0.0.1/go.mod h1:W60MTCu9EOkNlLJUqHfh+B+rNPbGZCpE4Ft1uSoDMYE=
github.com/google/uuid v1.5.0 h1:1p67kYwdtXjb0gL0BPiP1Av9wiZPo5A8z2cWkTZ+eyU=
github.com/google/uuid v1.5.0/go.mod h1:TIyPZe4MgqvfeYDBFedMoGGpEw/LqOeaOT+nhxU+yHo=
github.com/redis/go-redis/v9 v9.5.3 h1:fOAp1/uJG+ZtcITgZOfYFmTKPE7n4Vclj1wZFgRciUU=
github.com/redis/go-redis/v9 v9.5.3/go.mod h1:hdY0cQFCN4fnSYT6TkisLufl/4W5UIXyv0b/CLO2V2M=
